
Microsoft Visual Studio Solution File, Format Version 12.00
# Visual Studio Version 16
VisualStudioVersion = 16.0.30503.244
MinimumVisualStudioVersion = 10.0.40219.1
Project("{FAE04EC0-301F-11D3-BF4B-00C04F79EFBC}") = "Regex_LambdaFunction", "Regex_LambdaFunction\Regex_LambdaFunction.csproj", "{870F793C-76C2-4ADB-9398-7741F357F70F}"
EndProject
Project("{FAE04EC0-301F-11D3-BF4B-00C04F79EFBC}") = "MsTest_Regex", "MsTest_Regex\MsTest_Regex.csproj", "{C1209662-133E-4BA7-BBA1-2D4C7FACD250}"
EndProject
Global
	GlobalSection(SolutionConfigurationPlatforms) = preSolution
		Debug|Any CPU = Debug|Any CPU
		Release|Any CPU = Release|Any CPU
	EndGlobalSection
	GlobalSection(ProjectConfigurationPlatforms) = postSolution
		{870F793C-76C2-4ADB-9398-7741F357F70F}.Debug|Any CPU.ActiveCfg = Debug|Any CPU
		{870F793C-76C2-4ADB-9398-7741F357F70F}.Debug|Any CPU.Build.0 = Debug|Any CPU
		{870F793C-76C2-4ADB-9398-7741F357F70F}.Release|Any CPU.ActiveCfg = Release|Any CPU
		{870F793C-76C2-4ADB-9398-7741F357F70F}.Release|Any CPU.Build.0 = Release|Any CPU
		{C1209662-133E-4BA7-BBA1-2D4C7FACD250}.Debug|Any CPU.ActiveCfg = Debug|Any CPU
		{C1209662-133E-4BA7-BBA1-2D4C7FACD250}.Debug|Any CPU.Build.0 = Debug|Any CPU
		{C1209662-133E-4BA7-BBA1-2D4C7FACD250}.Release|Any CPU.ActiveCfg = Release|Any CPU
		{C1209662-133E-4BA7-BBA1-2D4C7FACD250}.Release|Any CPU.Build.0 = Release|Any CPU
	EndGlobalSection
	GlobalSection(SolutionProperties) = preSolution
		HideSolutionNode = FALSE
	EndGlobalSection
	GlobalSection(ExtensibilityGlobals) = postSolution
		SolutionGuid = {517FBFA9-95A0-4421-86A7-138E03104171}
	EndGlobalSection
EndGlobal
